# This file was autogenerated by Stack.
# You should not edit this file by hand.
# For more information, please see the documentation at:
#   https://docs.haskellstack.org/en/stable/topics/lock_files

packages:
- completed:
    hackage: webauthn-0.11.0.0@sha256:48a79923f29d266c29b4730c2e4c7da08444b033be1241babb24a65e08ac41ef,6414
    pantry-tree:
      sha256: ccd7c89c658d522286b5201270bcad95245d0c2ded7d4687c3c52ecc2238d19c
      size: 11727
  original:
    hackage: webauthn-0.11.0.0
- completed:
    hackage: hashtables-1.4.2@sha256:4940cab94a15d469845ccf5225f9cb3d354c15e8127ebb58425c8b681f7721d9,10386
    pantry-tree:
      sha256: 65107f0c970351b971ea1f676a5e00b61e37c298a4c83c867d937f2a774501eb
      size: 2895
  original:
    hackage: hashtables-1.4.2
snapshots:
- completed:
    sha256: 238fa745b64f91184f9aa518fe04bdde6552533d169b0da5256670df83a0f1a9
    size: 721141
    url: https://raw.githubusercontent.com/commercialhaskell/stackage-snapshots/master/lts/22/44.yaml
  original: lts-22.44
